
Microsoft Visual Studio Solution File, Format Version 12.00
# Visual Studio 2012
Project("{FAE04EC0-301F-11D3-BF4B-00C04F79EFBC}") = "LAFBulkDataLoader", "LAFDataLoader\LAFBulkDataLoader.csproj", "{C225F484-DCCF-4F73-A1B0-33A064CADFC3}"
EndProject
Project("{FAE04EC0-301F-11D3-BF4B-00C04F79EFBC}") = "Lloyds.LAF.Agent.Restricted", "Lloyds.LAF.Agent.Restricted\Lloyds.LAF.Agent.Restricted.csproj", "{986462F2-8739-4090-B0FD-97534847D032}"
EndProject
Global
	GlobalSection(TeamFoundationVersionControl) = preSolution
		SccNumberOfProjects = 3
		SccEnterpriseProvider = {4CA58AB2-18FA-4F8D-95D4-32DDF27D184C}
		SccTeamFoundationServer = http://tfs:8080/tfs/tfs_collection
		SccLocalPath0 = .
		SccProjectUniqueName1 = LAFDataLoader\\LAFBulkDataLoader.csproj
		SccProjectName1 = LAFDataLoader
		SccLocalPath1 = LAFDataLoader
		SccProjectUniqueName2 = Lloyds.LAF.Agent.Restricted\\Lloyds.LAF.Agent.Restricted.csproj
		SccProjectName2 = Lloyds.LAF.Agent.Restricted
		SccLocalPath2 = Lloyds.LAF.Agent.Restricted
	EndGlobalSection
	GlobalSection(SolutionConfigurationPlatforms) = preSolution
		Debug|Any CPU = Debug|Any CPU
		Release|Any CPU = Release|Any CPU
	EndGlobalSection
	GlobalSection(ProjectConfigurationPlatforms) = postSolution
		{C225F484-DCCF-4F73-A1B0-33A064CADFC3}.Debug|Any CPU.ActiveCfg = Debug|Any CPU
		{C225F484-DCCF-4F73-A1B0-33A064CADFC3}.Debug|Any CPU.Build.0 = Debug|Any CPU
		{C225F484-DCCF-4F73-A1B0-33A064CADFC3}.Release|Any CPU.ActiveCfg = Release|Any CPU
		{C225F484-DCCF-4F73-A1B0-33A064CADFC3}.Release|Any CPU.Build.0 = Release|Any CPU
		{986462F2-8739-4090-B0FD-97534847D032}.Debug|Any CPU.ActiveCfg = Debug|Any CPU
		{986462F2-8739-4090-B0FD-97534847D032}.Debug|Any CPU.Build.0 = Debug|Any CPU
		{986462F2-8739-4090-B0FD-97534847D032}.Release|Any CPU.ActiveCfg = Release|Any CPU
		{986462F2-8739-4090-B0FD-97534847D032}.Release|Any CPU.Build.0 = Release|Any CPU
	EndGlobalSection
	GlobalSection(SolutionProperties) = preSolution
		HideSolutionNode = FALSE
	EndGlobalSection
EndGlobal
